// !$*UTF8*$!
{
	archiveVersion = 1;
	classes = {
	};
	objectVersion = 46;
	objects = {

/* Begin PBXBuildFile section */
		064291301BE840F00062C7F9 /* setLessonViewController.swift in Sources */ = {isa = PBXBuildFile; fileRef = 0642912F1BE840F00062C7F9 /* setLessonViewController.swift */; };
		065A05171C2E4E0A000C69B9 /* support-Bridging-Header.h in Headers */ = {isa = PBXBuildFile; fileRef = 065A05101C2E4D3B000C69B9 /* support-Bridging-Header.h */; settings = {ATTRIBUTES = (Public, ); }; };
		066023281C02E9D300A61675 /* LessonDetailViewController.swift in Sources */ = {isa = PBXBuildFile; fileRef = 066023271C02E9D300A61675 /* LessonDetailViewController.swift */; };
		0670FB851C1E9DD4005B39B8 /* edit.png in Resources */ = {isa = PBXBuildFile; fileRef = 0670FB811C1E9DD4005B39B8 /* edit.png */; };
		0670FB861C1E9DD4005B39B8 /* back.png in Resources */ = {isa = PBXBuildFile; fileRef = 0670FB821C1E9DD4005B39B8 /* back.png */; };
		0670FB871C1E9DD4005B39B8 /* new.png in Resources */ = {isa = PBXBuildFile; fileRef = 0670FB831C1E9DD4005B39B8 /* new.png */; };
		0670FB881C1E9DD4005B39B8 /* setting.png in Resources */ = {isa = PBXBuildFile; fileRef = 0670FB841C1E9DD4005B39B8 /* setting.png */; };
		069E53871C1D089A004DEEA4 /* ParseManager.swift in Sources */ = {isa = PBXBuildFile; fileRef = 069E53861C1D089A004DEEA4 /* ParseManager.swift */; };
		06B622A31C22797500F896E9 /* memoDetailViewController.swift in Sources */ = {isa = PBXBuildFile; fileRef = 06B622A21C22797500F896E9 /* memoDetailViewController.swift */; };
		06B622A51C227C3E00F896E9 /* notificationManager.swift in Sources */ = {isa = PBXBuildFile; fileRef = 06B622A41C227C3E00F896E9 /* notificationManager.swift */; };
		06B7A0431C22D7820068DE3B /* btn_lesson.png in Resources */ = {isa = PBXBuildFile; fileRef = 06B7A0411C22D7820068DE3B /* btn_lesson.png */; };
		06B7A0441C22D7820068DE3B /* btn_memo.png in Resources */ = {isa = PBXBuildFile; fileRef = 06B7A0421C22D7820068DE3B /* btn_memo.png */; };
		06B7A0461C22DC670068DE3B /* btn_out.png in Resources */ = {isa = PBXBuildFile; fileRef = 06B7A0451C22DC670068DE3B /* btn_out.png */; };
		06BECBD61BE4D438002C5FB5 /* AppDelegate.swift in Sources */ = {isa = PBXBuildFile; fileRef = 06BECBD51BE4D438002C5FB5 /* AppDelegate.swift */; };
		06BECBD81BE4D438002C5FB5 /* ViewController.swift in Sources */ = {isa = PBXBuildFile; fileRef = 06BECBD71BE4D438002C5FB5 /* ViewController.swift */; };
		06BECBDB1BE4D438002C5FB5 /* Main.storyboard in Resources */ = {isa = PBXBuildFile; fileRef = 06BECBD91BE4D438002C5FB5 /* Main.storyboard */; };
		06BECBDD1BE4D438002C5FB5 /* Assets.xcassets in Resources */ = {isa = PBXBuildFile; fileRef = 06BECBDC1BE4D438002C5FB5 /* Assets.xcassets */; };
		06BECBE01BE4D438002C5FB5 /* LaunchScreen.storyboard in Resources */ = {isa = PBXBuildFile; fileRef = 06BECBDE1BE4D438002C5FB5 /* LaunchScreen.storyboard */; };
		06BECBEB1BE4D438002C5FB5 /* supportTests.swift in Sources */ = {isa = PBXBuildFile; fileRef = 06BECBEA1BE4D438002C5FB5 /* supportTests.swift */; };
		06BECBF61BE4D438002C5FB5 /* supportUITests.swift in Sources */ = {isa = PBXBuildFile; fileRef = 06BECBF51BE4D438002C5FB5 /* supportUITests.swift */; };
		06D800B81C2A830B0023C63F /* main.png in Resources */ = {isa = PBXBuildFile; fileRef = 06D800B71C2A830B0023C63F /* main.png */; };
		06DA87001C228D24003D8143 /* MemoViewController.swift in Sources */ = {isa = PBXBuildFile; fileRef = 06DA86FF1C228D24003D8143 /* MemoViewController.swift */; };
		06E177B31BECA63A001120E3 /* ContactViewController.swift in Sources */ = {isa = PBXBuildFile; fileRef = 06E177B21BECA63A001120E3 /* ContactViewController.swift */; };
		06F1A2821C241D38003FEC2A /* btn_in.png in Resources */ = {isa = PBXBuildFile; fileRef = 06F1A2801C241D38003FEC2A /* btn_in.png */; };
		06F1A2831C241D38003FEC2A /* btn_up.png in Resources */ = {isa = PBXBuildFile; fileRef = 06F1A2811C241D38003FEC2A /* btn_up.png */; };
		208BEBBCEB8A67EF8BE9ABB6 /* Pods_support.framework in Frameworks */ = {isa = PBXBuildFile; fileRef = E376036B947D2AC811A85613 /* Pods_support.framework */; settings = {ATTRIBUTES = (Weak, ); }; };
/* End PBXBuildFile section */

/* Begin PBXContainerItemProxy section */
		06BECBE71BE4D438002C5FB5 /* PBXContainerItemProxy */ = {
			isa = PBXContainerItemProxy;
			containerPortal = 06BECBCA1BE4D438002C5FB5 /* Project object */;
			proxyType = 1;
			remoteGlobalIDString = 06BECBD11BE4D438002C5FB5;
			remoteInfo = support;
		};
		06BECBF21BE4D438002C5FB5 /* PBXContainerItemProxy */ = {
			isa = PBXContainerItemProxy;
			containerPortal = 06BECBCA1BE4D438002C5FB5 /* Project object */;
			proxyType = 1;
			remoteGlobalIDString = 06BECBD11BE4D438002C5FB5;
			remoteInfo = support;
		};
/* End PBXContainerItemProxy section */

/* Begin PBXFileReference section */
		0642912F1BE840F00062C7F9 /* setLessonViewController.swift */ = {isa = PBXFileReference; fileEncoding = 4; lastKnownFileType = sourcecode.swift; path = setLessonViewController.swift; sourceTree = "<group>"; };
		065A05101C2E4D3B000C69B9 /* support-Bridging-Header.h */ = {isa = PBXFileReference; lastKnownFileType = sourcecode.c.h; path = "support-Bridging-Header.h"; sourceTree = "<group>"; };
		065A05111C2E4D3B000C69B9 /* supportTests-Bridging-Header.h */ = {isa = PBXFileReference; lastKnownFileType = sourcecode.c.h; path = "supportTests-Bridging-Header.h"; sourceTree = "<group>"; };
		066023271C02E9D300A61675 /* LessonDetailViewController.swift */ = {isa = PBXFileReference; fileEncoding = 4; lastKnownFileType = sourcecode.swift; path = LessonDetailViewController.swift; sourceTree = "<group>"; };
		0670FB811C1E9DD4005B39B8 /* edit.png */ = {isa = PBXFileReference; lastKnownFileType = image.png; path = edit.png; sourceTree = "<group>"; };
		0670FB821C1E9DD4005B39B8 /* back.png */ = {isa = PBXFileReference; lastKnownFileType = image.png; path = back.png; sourceTree = "<group>"; };
		0670FB831C1E9DD4005B39B8 /* new.png */ = {isa = PBXFileReference; lastKnownFileType = image.png; path = new.png; sourceTree = "<group>"; };
		0670FB841C1E9DD4005B39B8 /* setting.png */ = {isa = PBXFileReference; lastKnownFileType = image.png; path = setting.png; sourceTree = "<group>"; };
		069E53861C1D089A004DEEA4 /* ParseManager.swift */ = {isa = PBXFileReference; fileEncoding = 4; lastKnownFileType = sourcecode.swift; path = ParseManager.swift; sourceTree = "<group>"; };
		06B622A21C22797500F896E9 /* memoDetailViewController.swift */ = {isa = PBXFileReference; fileEncoding = 4; lastKnownFileType = sourcecode.swift; path = memoDetailViewController.swift; sourceTree = "<group>"; };
		06B622A41C227C3E00F896E9 /* notificationManager.swift */ = {isa = PBXFileReference; fileEncoding = 4; lastKnownFileType = sourcecode.swift; path = notificationManager.swift; sourceTree = "<group>"; };
		06B7A0411C22D7820068DE3B /* btn_lesson.png */ = {isa = PBXFileReference; lastKnownFileType = image.png; path = btn_lesson.png; sourceTree = "<group>"; };
		06B7A0421C22D7820068DE3B /* btn_memo.png */ = {isa = PBXFileReference; lastKnownFileType = image.png; path = btn_memo.png; sourceTree = "<group>"; };
		06B7A0451C22DC670068DE3B /* btn_out.png */ = {isa = PBXFileReference; lastKnownFileType = image.png; path = btn_out.png; sourceTree = "<group>"; };
		06BECBD21BE4D438002C5FB5 /* support.app */ = {isa = PBXFileReference; explicitFileType = wrapper.application; includeInIndex = 0; path = support.app; sourceTree = BUILT_PRODUCTS_DIR; };
		06BECBD51BE4D438002C5FB5 /* AppDelegate.swift */ = {isa = PBXFileReference; lastKnownFileType = sourcecode.swift; path = AppDelegate.swift; sourceTree = "<group>"; };
		06BECBD71BE4D438002C5FB5 /* ViewController.swift */ = {isa = PBXFileReference; lastKnownFileType = sourcecode.swift; path = ViewController.swift; sourceTree = "<group>"; };
		06BECBDA1BE4D438002C5FB5 /* Base */ = {isa = PBXFileReference; lastKnownFileType = file.storyboard; name = Base; path = Base.lproj/Main.storyboard; sourceTree = "<group>"; };
		06BECBDC1BE4D438002C5FB5 /* Assets.xcassets */ = {isa = PBXFileReference; lastKnownFileType = folder.assetcatalog; path = Assets.xcassets; sourceTree = "<group>"; };
		06BECBDF1BE4D438002C5FB5 /* Base */ = {isa = PBXFileReference; lastKnownFileType = file.storyboard; name = Base; path = Base.lproj/LaunchScreen.storyboard; sourceTree = "<group>"; };
		06BECBE11BE4D438002C5FB5 /* Info.plist */ = {isa = PBXFileReference; lastKnownFileType = text.plist.xml; path = Info.plist; sourceTree = "<group>"; };
		06BECBE61BE4D438002C5FB5 /* supportTests.xctest */ = {isa = PBXFileReference; explicitFileType = wrapper.cfbundle; includeInIndex = 0; path = supportTests.xctest; sourceTree = BUILT_PRODUCTS_DIR; };
		06BECBEA1BE4D438002C5FB5 /* supportTests.swift */ = {isa = PBXFileReference; lastKnownFileType = sourcecode.swift; path = supportTests.swift; sourceTree = "<group>"; };
		06BECBEC1BE4D438002C5FB5 /* Info.plist */ = {isa = PBXFileReference; lastKnownFileType = text.plist.xml; path = Info.plist; sourceTree = "<group>"; };
		06BECBF11BE4D438002C5FB5 /* supportUITests.xctest */ = {isa = PBXFileReference; explicitFileType = wrapper.cfbundle; includeInIndex = 0; path = supportUITests.xctest; sourceTree = BUILT_PRODUCTS_DIR; };
		06BECBF51BE4D438002C5FB5 /* supportUITests.swift */ = {isa = PBXFileReference; lastKnownFileType = sourcecode.swift; path = supportUITests.swift; sourceTree = "<group>"; };
		06BECBF71BE4D438002C5FB5 /* Info.plist */ = {isa = PBXFileReference; lastKnownFileType = text.plist.xml; path = Info.plist; sourceTree = "<group>"; };
		06CB2A411C1FFAEE00A6CD3F /* support.mobileprovision */ = {isa = PBXFileReference; lastKnownFileType = file; path = support.mobileprovision; sourceTree = "<group>"; };
		06D800B71C2A830B0023C63F /* main.png */ = {isa = PBXFileReference; lastKnownFileType = image.png; path = main.png; sourceTree = "<group>"; };
		06DA86FF1C228D24003D8143 /* MemoViewController.swift */ = {isa = PBXFileReference; fileEncoding = 4; lastKnownFileType = sourcecode.swift; path = MemoViewController.swift; sourceTree = "<group>"; };
		06E177B21BECA63A001120E3 /* ContactViewController.swift */ = {isa = PBXFileReference; fileEncoding = 4; lastKnownFileType = sourcecode.swift; path = ContactViewController.swift; sourceTree = "<group>"; };
		06F1A2801C241D38003FEC2A /* btn_in.png */ = {isa = PBXFileReference; lastKnownFileType = image.png; path = btn_in.png; sourceTree = "<group>"; };
		06F1A2811C241D38003FEC2A /* btn_up.png */ = {isa = PBXFileReference; lastKnownFileType = image.png; path = btn_up.png; sourceTree = "<group>"; };
		3CA8B6D17D3D151665C72D2F /* Pods-support.release.xcconfig */ = {isa = PBXFileReference; includeInIndex = 1; lastKnownFileType = text.xcconfig; name = "Pods-support.release.xcconfig"; path = "Pods/Target Support Files/Pods-support/Pods-support.release.xcconfig"; sourceTree = "<group>"; };
		E376036B947D2AC811A85613 /* Pods_support.framework */ = {isa = PBXFileReference; explicitFileType = wrapper.framework; includeInIndex = 0; path = Pods_support.framework; sourceTree = BUILT_PRODUCTS_DIR; };
		F4C9C81B4E5662DBDC20330B /* Pods-support.debug.xcconfig */ = {isa = PBXFileReference; includeInIndex = 1; lastKnownFileType = text.xcconfig; name = "Pods-support.debug.xcconfig"; path = "Pods/Target Support Files/Pods-support/Pods-support.debug.xcconfig"; sourceTree = "<group>"; };
/* End PBXFileReference section */

/* Begin PBXFrameworksBuildPhase section */
		06BECBCF1BE4D438002C5FB5 /* Frameworks */ = {
			isa = PBXFrameworksBuildPhase;
			buildActionMask = 2147483647;
			files = (
				208BEBBCEB8A67EF8BE9ABB6 /* Pods_support.framework in Frameworks */,
			);
			runOnlyForDeploymentPostprocessing = 0;
		};
		06BECBE31BE4D438002C5FB5 /* Frameworks */ = {
			isa = PBXFrameworksBuildPhase;
			buildActionMask = 2147483647;
			files = (
			);
			runOnlyForDeploymentPostprocessing = 0;
		};
		06BECBEE1BE4D438002C5FB5 /* Frameworks */ = {
			isa = PBXFrameworksBuildPhase;
			buildActionMask = 2147483647;
			files = (
			);
			runOnlyForDeploymentPostprocessing = 0;
		};
/* End PBXFrameworksBuildPhase section */

/* Begin PBXGroup section */
		0670FB801C1E9D1D005B39B8 /* image */ = {
			isa = PBXGroup;
			children = (
				06D800B71C2A830B0023C63F /* main.png */,
				0670FB811C1E9DD4005B39B8 /* edit.png */,
				0670FB821C1E9DD4005B39B8 /* back.png */,
				0670FB831C1E9DD4005B39B8 /* new.png */,
				0670FB841C1E9DD4005B39B8 /* setting.png */,
				06B7A0411C22D7820068DE3B /* btn_lesson.png */,
				06B7A0421C22D7820068DE3B /* btn_memo.png */,
				06B7A0451C22DC670068DE3B /* btn_out.png */,
				06F1A2801C241D38003FEC2A /* btn_in.png */,
				06F1A2811C241D38003FEC2A /* btn_up.png */,
			);
			name = image;
			sourceTree = "<group>";
		};
		06BECBC91BE4D438002C5FB5 = {
			isa = PBXGroup;
			children = (
				06BECBD41BE4D438002C5FB5 /* support */,
				06BECBE91BE4D438002C5FB5 /* supportTests */,
				06BECBF41BE4D438002C5FB5 /* supportUITests */,
				06BECBD31BE4D438002C5FB5 /* Products */,
				FCD946A0F0166FBC59E8C9E3 /* Pods */,
				D9AC70745975F27134004F99 /* Frameworks */,
			);
			sourceTree = "<group>";
		};
		06BECBD31BE4D438002C5FB5 /* Products */ = {
			isa = PBXGroup;
			children = (
				06BECBD21BE4D438002C5FB5 /* support.app */,
				06BECBE61BE4D438002C5FB5 /* supportTests.xctest */,
				06BECBF11BE4D438002C5FB5 /* supportUITests.xctest */,
			);
			name = Products;
			sourceTree = "<group>";
		};
		06BECBD41BE4D438002C5FB5 /* support */ = {
			isa = PBXGroup;
			children = (
				0670FB801C1E9D1D005B39B8 /* image */,
				06CB2A411C1FFAEE00A6CD3F /* support.mobileprovision */,
				06BECBD51BE4D438002C5FB5 /* AppDelegate.swift */,
				069E53861C1D089A004DEEA4 /* ParseManager.swift */,
				06B622A41C227C3E00F896E9 /* notificationManager.swift */,
				06BECBD71BE4D438002C5FB5 /* ViewController.swift */,
				0642912F1BE840F00062C7F9 /* setLessonViewController.swift */,
				066023271C02E9D300A61675 /* LessonDetailViewController.swift */,
				06E177B21BECA63A001120E3 /* ContactViewController.swift */,
				06DA86FF1C228D24003D8143 /* MemoViewController.swift */,
				06B622A21C22797500F896E9 /* memoDetailViewController.swift */,
				06BECBD91BE4D438002C5FB5 /* Main.storyboard */,
				06BECBDC1BE4D438002C5FB5 /* Assets.xcassets */,
				06BECBDE1BE4D438002C5FB5 /* LaunchScreen.storyboard */,
				06BECBE11BE4D438002C5FB5 /* Info.plist */,
				065A05101C2E4D3B000C69B9 /* support-Bridging-Header.h */,
				065A05111C2E4D3B000C69B9 /* supportTests-Bridging-Header.h */,
			);
			path = support;
			sourceTree = "<group>";
		};
		06BECBE91BE4D438002C5FB5 /* supportTests */ = {
			isa = PBXGroup;
			children = (
				06BECBEA1BE4D438002C5FB5 /* supportTests.swift */,
				06BECBEC1BE4D438002C5FB5 /* Info.plist */,
			);
			path = supportTests;
			sourceTree = "<group>";
		};
		06BECBF41BE4D438002C5FB5 /* supportUITests */ = {
			isa = PBXGroup;
			children = (
				06BECBF51BE4D438002C5FB5 /* supportUITests.swift */,
				06BECBF71BE4D438002C5FB5 /* Info.plist */,
			);
			path = supportUITests;
			sourceTree = "<group>";
		};
		D9AC70745975F27134004F99 /* Frameworks */ = {
			isa = PBXGroup;
			children = (
				E376036B947D2AC811A85613 /* Pods_support.framework */,
			);
			name = Frameworks;
			sourceTree = "<group>";
		};
		FCD946A0F0166FBC59E8C9E3 /* Pods */ = {
			isa = PBXGroup;
			children = (
				F4C9C81B4E5662DBDC20330B /* Pods-support.debug.xcconfig */,
				3CA8B6D17D3D151665C72D2F /* Pods-support.release.xcconfig */,
			);
			name = Pods;
			sourceTree = "<group>";
		};
/* End PBXGroup section */

/* Begin PBXHeadersBuildPhase section */
		065A05151C2E4DE6000C69B9 /* Headers */ = {
			isa = PBXHeadersBuildPhase;
			buildActionMask = 2147483647;
			files = (
				065A05171C2E4E0A000C69B9 /* support-Bridging-Header.h in Headers */,
			);
			runOnlyForDeploymentPostprocessing = 0;
		};
/* End PBXHeadersBuildPhase section */

/* Begin PBXNativeTarget section */
		06BECBD11BE4D438002C5FB5 /* support */ = {
			isa = PBXNativeTarget;
			buildConfigurationList = 06BECBFA1BE4D438002C5FB5 /* Build configuration list for PBXNativeTarget "support" */;
			buildPhases = (
				11A4EFEBA84D133F9E7DCDDA /* Check Pods Manifest.lock */,
				06BECBCE1BE4D438002C5FB5 /* Sources */,
				06BECBCF1BE4D438002C5FB5 /* Frameworks */,
				06BECBD01BE4D438002C5FB5 /* Resources */,
				182E69A91A3382E595EBD2DE /* Embed Pods Frameworks */,
				88090A794158691BF6526FA9 /* Copy Pods Resources */,
				065A05151C2E4DE6000C69B9 /* Headers */,
			);
			buildRules = (
			);
			dependencies = (
			);
			name = support;
			productName = support;
			productReference = 06BECBD21BE4D438002C5FB5 /* support.app */;
			productType = "com.apple.product-type.application";
		};
		06BECBE51BE4D438002C5FB5 /* supportTests */ = {
			isa = PBXNativeTarget;
			buildConfigurationList = 06BECBFD1BE4D438002C5FB5 /* Build configuration list for PBXNativeTarget "supportTests" */;
			buildPhases = (
				06BECBE21BE4D438002C5FB5 /* Sources */,
				06BECBE31BE4D438002C5FB5 /* Frameworks */,
				06BECBE41BE4D438002C5FB5 /* Resources */,
			);
			buildRules = (
			);
			dependencies = (
				06BECBE81BE4D438002C5FB5 /* PBXTargetDependency */,
			);
			name = supportTests;
			productName = supportTests;
			productReference = 06BECBE61BE4D438002C5FB5 /* supportTests.xctest */;
			productType = "com.apple.product-type.bundle.unit-test";
		};
		06BECBF01BE4D438002C5FB5 /* supportUITests */ = {
			isa = PBXNativeTarget;
			buildConfigurationList = 06BECC001BE4D438002C5FB5 /* Build configuration list for PBXNativeTarget "supportUITests" */;
			buildPhases = (
				06BECBED1BE4D438002C5FB5 /* Sources */,
				06BECBEE1BE4D438002C5FB5 /* Frameworks */,
				06BECBEF1BE4D438002C5FB5 /* Resources */,
			);
			buildRules = (
			);
			dependencies = (
				06BECBF31BE4D438002C5FB5 /* PBXTargetDependency */,
			);
			name = supportUITests;
			productName = supportUITests;
			productReference = 06BECBF11BE4D438002C5FB5 /* supportUITests.xctest */;
			productType = "com.apple.product-type.bundle.ui-testing";
		};
/* End PBXNativeTarget section */

/* Begin PBXProject section */
		06BECBCA1BE4D438002C5FB5 /* Project object */ = {
			isa = PBXProject;
			attributes = {
				LastSwiftUpdateCheck = 0720;
				LastUpgradeCheck = 0710;
				ORGANIZATIONNAME = "梶原大進";
				TargetAttributes = {
					06BECBD11BE4D438002C5FB5 = {
						CreatedOnToolsVersion = 7.1;
						DevelopmentTeam = PT797F6X82;
					};
					06BECBE51BE4D438002C5FB5 = {
						CreatedOnToolsVersion = 7.1;
						DevelopmentTeam = 5YB8977AM6;
						TestTargetID = 06BECBD11BE4D438002C5FB5;
					};
					06BECBF01BE4D438002C5FB5 = {
						CreatedOnToolsVersion = 7.1;
						DevelopmentTeam = 5YB8977AM6;
						TestTargetID = 06BECBD11BE4D438002C5FB5;
					};
				};
			};
			buildConfigurationList = 06BECBCD1BE4D438002C5FB5 /* Build configuration list for PBXProject "support" */;
			compatibilityVersion = "Xcode 3.2";
			developmentRegion = English;
			hasScannedForEncodings = 0;
			knownRegions = (
				en,
				Base,
			);
			mainGroup = 06BECBC91BE4D438002C5FB5;
			productRefGroup = 06BECBD31BE4D438002C5FB5 /* Products */;
			projectDirPath = "";
			projectRoot = "";
			targets = (
				06BECBD11BE4D438002C5FB5 /* support */,
				06BECBE51BE4D438002C5FB5 /* supportTests */,
				06BECBF01BE4D438002C5FB5 /* supportUITests */,
			);
		};
/* End PBXProject section */

/* Begin PBXResourcesBuildPhase section */
		06BECBD01BE4D438002C5FB5 /* Resources */ = {
			isa = PBXResourcesBuildPhase;
			buildActionMask = 2147483647;
			files = (
				06B7A0461C22DC670068DE3B /* btn_out.png in Resources */,
				0670FB881C1E9DD4005B39B8 /* setting.png in Resources */,
				06F1A2821C241D38003FEC2A /* btn_in.png in Resources */,
				0670FB861C1E9DD4005B39B8 /* back.png in Resources */,
				06BECBE01BE4D438002C5FB5 /* LaunchScreen.storyboard in Resources */,
				06F1A2831C241D38003FEC2A /* btn_up.png in Resources */,
				0670FB871C1E9DD4005B39B8 /* new.png in Resources */,
				06D800B81C2A830B0023C63F /* main.png in Resources */,
				0670FB851C1E9DD4005B39B8 /* edit.png in Resources */,
				06B7A0441C22D7820068DE3B /* btn_memo.png in Resources */,
				06BECBDD1BE4D438002C5FB5 /* Assets.xcassets in Resources */,
				06BECBDB1BE4D438002C5FB5 /* Main.storyboard in Resources */,
				06B7A0431C22D7820068DE3B /* btn_lesson.png in Resources */,
			);
			runOnlyForDeploymentPostprocessing = 0;
		};
		06BECBE41BE4D438002C5FB5 /* Resources */ = {
			isa = PBXResourcesBuildPhase;
			buildActionMask = 2147483647;
			files = (
			);
			runOnlyForDeploymentPostprocessing = 0;
		};
		06BECBEF1BE4D438002C5FB5 /* Resources */ = {
			isa = PBXResourcesBuildPhase;
			buildActionMask = 2147483647;
			files = (
			);
			runOnlyForDeploymentPostprocessing = 0;
		};
/* End PBXResourcesBuildPhase section */

/* Begin PBXShellScriptBuildPhase section */
		11A4EFEBA84D133F9E7DCDDA /* Check Pods Manifest.lock */ = {
			isa = PBXShellScriptBuildPhase;
			buildActionMask = 2147483647;
			files = (
			);
			inputPaths = (
			);
			name = "Check Pods Manifest.lock";
			outputPaths = (
			);
			runOnlyForDeploymentPostprocessing = 0;
			shellPath = /bin/sh;
			shellScript = "diff \"${PODS_ROOT}/../Podfile.lock\" \"${PODS_ROOT}/Manifest.lock\" > /dev/null\nif [[ $? != 0 ]] ; then\n    cat << EOM\nerror: The sandbox is not in sync with the Podfile.lock. Run 'pod install' or update your CocoaPods installation.\nEOM\n    exit 1\nfi\n";
			showEnvVarsInLog = 0;
		};
		182E69A91A3382E595EBD2DE /* Embed Pods Frameworks */ = {
			isa = PBXShellScriptBuildPhase;
			buildActionMask = 2147483647;
			files = (
			);
			inputPaths = (
			);
			name = "Embed Pods Frameworks";
			outputPaths = (
			);
			runOnlyForDeploymentPostprocessing = 0;
			shellPath = /bin/sh;
			shellScript = "\"${SRCROOT}/Pods/Target Support Files/Pods-support/Pods-support-frameworks.sh\"\n";
			showEnvVarsInLog = 0;
		};
		88090A794158691BF6526FA9 /* Copy Pods Resources */ = {
			isa = PBXShellScriptBuildPhase;
			buildActionMask = 2147483647;
			files = (
			);
			inputPaths = (
			);
			name = "Copy Pods Resources";
			outputPaths = (
			);
			runOnlyForDeploymentPostprocessing = 0;
			shellPath = /bin/sh;
			shellScript = "\"${SRCROOT}/Pods/Target Support Files/Pods-support/Pods-support-resources.sh\"\n";
			showEnvVarsInLog = 0;
		};
/* End PBXShellScriptBuildPhase section */

/* Begin PBXSourcesBuildPhase section */
		06BECBCE1BE4D438002C5FB5 /* Sources */ = {
			isa = PBXSourcesBuildPhase;
			buildActionMask = 2147483647;
			files = (
				06DA87001C228D24003D8143 /* MemoViewController.swift in Sources */,
				069E53871C1D089A004DEEA4 /* ParseManager.swift in Sources */,
				06BECBD81BE4D438002C5FB5 /* ViewController.swift in Sources */,
				06E177B31BECA63A001120E3 /* ContactViewController.swift in Sources */,
				06B622A51C227C3E00F896E9 /* notificationManager.swift in Sources */,
				06BECBD61BE4D438002C5FB5 /* AppDelegate.swift in Sources */,
				06B622A31C22797500F896E9 /* memoDetailViewController.swift in Sources */,
				066023281C02E9D300A61675 /* LessonDetailViewController.swift in Sources */,
				064291301BE840F00062C7F9 /* setLessonViewController.swift in Sources */,
			);
			runOnlyForDeploymentPostprocessing = 0;
		};
		06BECBE21BE4D438002C5FB5 /* Sources */ = {
			isa = PBXSourcesBuildPhase;
			buildActionMask = 2147483647;
			files = (
				06BECBEB1BE4D438002C5FB5 /* supportTests.swift in Sources */,
			);
			runOnlyForDeploymentPostprocessing = 0;
		};
		06BECBED1BE4D438002C5FB5 /* Sources */ = {
			isa = PBXSourcesBuildPhase;
			buildActionMask = 2147483647;
			files = (
				06BECBF61BE4D438002C5FB5 /* supportUITests.swift in Sources */,
			);
			runOnlyForDeploymentPostprocessing = 0;
		};
/* End PBXSourcesBuildPhase section */

/* Begin PBXTargetDependency section */
		06BECBE81BE4D438002C5FB5 /* PBXTargetDependency */ = {
			isa = PBXTargetDependency;
			target = 06BECBD11BE4D438002C5FB5 /* support */;
			targetProxy = 06BECBE71BE4D438002C5FB5 /* PBXContainerItemProxy */;
		};
		06BECBF31BE4D438002C5FB5 /* PBXTargetDependency */ = {
			isa = PBXTargetDependency;
			target = 06BECBD11BE4D438002C5FB5 /* support */;
			targetProxy = 06BECBF21BE4D438002C5FB5 /* PBXContainerItemProxy */;
		};
/* End PBXTargetDependency section */

/* Begin PBXVariantGroup section */
		06BECBD91BE4D438002C5FB5 /* Main.storyboard */ = {
			isa = PBXVariantGroup;
			children = (
				06BECBDA1BE4D438002C5FB5 /* Base */,
			);
			name = Main.storyboard;
			sourceTree = "<group>";
		};
		06BECBDE1BE4D438002C5FB5 /* LaunchScreen.storyboard */ = {
			isa = PBXVariantGroup;
			children = (
				06BECBDF1BE4D438002C5FB5 /* Base */,
			);
			name = LaunchScreen.storyboard;
			sourceTree = "<group>";
		};
/* End PBXVariantGroup section */

/* Begin XCBuildConfiguration section */
		06BECBF81BE4D438002C5FB5 /* Debug */ = {
			isa = XCBuildConfiguration;
			buildSettings = {
				ALWAYS_SEARCH_USER_PATHS = NO;
				CLANG_CXX_LANGUAGE_STANDARD = "gnu++0x";
				CLANG_CXX_LIBRARY = "libc++";
				CLANG_ENABLE_MODULES = YES;
				CLANG_ENABLE_OBJC_ARC = YES;
				CLANG_WARN_BOOL_CONVERSION = YES;
				CLANG_WARN_CONSTANT_CONVERSION = YES;
				CLANG_WARN_DIRECT_OBJC_ISA_USAGE = YES_ERROR;
				CLANG_WARN_EMPTY_BODY = YES;
				CLANG_WARN_ENUM_CONVERSION = YES;
				CLANG_WARN_INT_CONVERSION = YES;
				CLANG_WARN_OBJC_ROOT_CLASS = YES_ERROR;
				CLANG_WARN_UNREACHABLE_CODE = YES;
				CLANG_WARN__DUPLICATE_METHOD_MATCH = YES;
				"CODE_SIGN_IDENTITY[sdk=iphoneos*]" = "iPhone Developer";
				COPY_PHASE_STRIP = NO;
				DEBUG_INFORMATION_FORMAT = dwarf;
				DEFINES_MODULE = NO;
				ENABLE_STRICT_OBJC_MSGSEND = YES;
				ENABLE_TESTABILITY = YES;
				GCC_C_LANGUAGE_STANDARD = gnu99;
				GCC_DYNAMIC_NO_PIC = NO;
				GCC_NO_COMMON_BLOCKS = YES;
				GCC_OPTIMIZATION_LEVEL = 0;
				GCC_PREPROCESSOR_DEFINITIONS = (
					"DEBUG=1",
					"$(inherited)",
				);
				GCC_WARN_64_TO_32_BIT_CONVERSION = YES;
				GCC_WARN_ABOUT_RETURN_TYPE = YES_ERROR;
				GCC_WARN_UNDECLARED_SELECTOR = YES;
				GCC_WARN_UNINITIALIZED_AUTOS = YES_AGGRESSIVE;
				GCC_WARN_UNUSED_FUNCTION = YES;
				GCC_WARN_UNUSED_VARIABLE = YES;
				IPHONEOS_DEPLOYMENT_TARGET = 9.1;
				MTL_ENABLE_DEBUG_INFO = YES;
				ONLY_ACTIVE_ARCH = YES;
				SDKROOT = iphoneos;
				SWIFT_OBJC_BRIDGING_HEADER = "";
				SWIFT_OPTIMIZATION_LEVEL = "-Onone";
			};
			name = Debug;
		};
		06BECBF91BE4D438002C5FB5 /* Release */ = {
			isa = XCBuildConfiguration;
			buildSettings = {
				ALWAYS_SEARCH_USER_PATHS = NO;
				CLANG_CXX_LANGUAGE_STANDARD = "gnu++0x";
				CLANG_CXX_LIBRARY = "libc++";
				CLANG_ENABLE_MODULES = YES;
				CLANG_ENABLE_OBJC_ARC = YES;
				CLANG_WARN_BOOL_CONVERSION = YES;
				CLANG_WARN_CONSTANT_CONVERSION = YES;
				CLANG_WARN_DIRECT_OBJC_ISA_USAGE = YES_ERROR;
				CLANG_WARN_EMPTY_BODY = YES;
				CLANG_WARN_ENUM_CONVERSION = YES;
				CLANG_WARN_INT_CONVERSION = YES;
				CLANG_WARN_OBJC_ROOT_CLASS = YES_ERROR;
				CLANG_WARN_UNREACHABLE_CODE = YES;
				CLANG_WARN__DUPLICATE_METHOD_MATCH = YES;
				"CODE_SIGN_IDENTITY[sdk=iphoneos*]" = "iPhone Developer";
				COPY_PHASE_STRIP = NO;
				DEBUG_INFORMATION_FORMAT = "dwarf-with-dsym";
				DEFINES_MODULE = NO;
				ENABLE_NS_ASSERTIONS = NO;
				ENABLE_STRICT_OBJC_MSGSEND = YES;
				GCC_C_LANGUAGE_STANDARD = gnu99;
				GCC_NO_COMMON_BLOCKS = YES;
				GCC_WARN_64_TO_32_BIT_CONVERSION = YES;
				GCC_WARN_ABOUT_RETURN_TYPE = YES_ERROR;
				GCC_WARN_UNDECLARED_SELECTOR = YES;
				GCC_WARN_UNINITIALIZED_AUTOS = YES_AGGRESSIVE;
				GCC_WARN_UNUSED_FUNCTION = YES;
				GCC_WARN_UNUSED_VARIABLE = YES;
				IPHONEOS_DEPLOYMENT_TARGET = 9.1;
				MTL_ENABLE_DEBUG_INFO = NO;
				SDKROOT = iphoneos;
				SWIFT_OBJC_BRIDGING_HEADER = "";
				VALIDATE_PRODUCT = YES;
			};
			name = Release;
		};
		06BECBFB1BE4D438002C5FB5 /* Debug */ = {
			isa = XCBuildConfiguration;
			baseConfigurationReference = F4C9C81B4E5662DBDC20330B /* Pods-support.debug.xcconfig */;
			buildSettings = {
				ASSETCATALOG_COMPILER_APPICON_NAME = AppIcon;
				CLANG_ENABLE_MODULES = YES;
				CODE_SIGN_IDENTITY = "iPhone Developer";
				"CODE_SIGN_IDENTITY[sdk=iphoneos*]" = "iPhone Developer";
				DEFINES_MODULE = NO;
				INFOPLIST_FILE = support/Info.plist;
				LD_RUNPATH_SEARCH_PATHS = "$(inherited) @executable_path/Frameworks";
				PRODUCT_BUNDLE_IDENTIFIER = shisaku.support;
				PRODUCT_NAME = "$(TARGET_NAME)";
				PROVISIONING_PROFILE = "";
				SWIFT_OBJC_BRIDGING_HEADER = "support/support-Bridging-Header.h";
				SWIFT_OPTIMIZATION_LEVEL = "-Onone";
			};
			name = Debug;
		};
		06BECBFC1BE4D438002C5FB5 /* Release */ = {
			isa = XCBuildConfiguration;
			baseConfigurationReference = 3CA8B6D17D3D151665C72D2F /* Pods-support.release.xcconfig */;
			buildSettings = {
				ASSETCATALOG_COMPILER_APPICON_NAME = AppIcon;
				CLANG_ENABLE_MODULES = YES;
				CODE_SIGN_IDENTITY = "iPhone Developer";
				"CODE_SIGN_IDENTITY[sdk=iphoneos*]" = "iPhone Developer";
				DEFINES_MODULE = NO;
				INFOPLIST_FILE = support/Info.plist;
				LD_RUNPATH_SEARCH_PATHS = "$(inherited) @executable_path/Frameworks";
				PRODUCT_BUNDLE_IDENTIFIER = shisaku.support;
				PRODUCT_NAME = "$(TARGET_NAME)";
				PROVISIONING_PROFILE = "";
				SWIFT_OBJC_BRIDGING_HEADER = "support/support-Bridging-Header.h";
			};
			name = Release;
		};
		06BECBFE1BE4D438002C5FB5 /* Debug */ = {
			isa = XCBuildConfiguration;
			buildSettings = {
				BUNDLE_LOADER = "$(TEST_HOST)";
				CLANG_ENABLE_MODULES = YES;
				INFOPLIST_FILE = supportTests/Info.plist;
				LD_RUNPATH_SEARCH_PATHS = "$(inherited) @executable_path/Frameworks @loader_path/Frameworks";
				PRODUCT_BUNDLE_IDENTIFIER = shisaku.supportTests;
				PRODUCT_NAME = "$(TARGET_NAME)";
				SWIFT_OBJC_BRIDGING_HEADER = "support/supportTests-Bridging-Header.h";
				SWIFT_OPTIMIZATION_LEVEL = "-Onone";
				TEST_HOST = "$(BUILT_PRODUCTS_DIR)/support.app/support";
			};
			name = Debug;
		};
		06BECBFF1BE4D438002C5FB5 /* Release */ = {
			isa = XCBuildConfiguration;
			buildSettings = {
				BUNDLE_LOADER = "$(TEST_HOST)";
				CLANG_ENABLE_MODULES = YES;
				INFOPLIST_FILE = supportTests/Info.plist;
				LD_RUNPATH_SEARCH_PATHS = "$(inherited) @executable_path/Frameworks @loader_path/Frameworks";
				PRODUCT_BUNDLE_IDENTIFIER = shisaku.supportTests;
				PRODUCT_NAME = "$(TARGET_NAME)";
				SWIFT_OBJC_BRIDGING_HEADER = "support/supportTests-Bridging-Header.h";
				TEST_HOST = "$(BUILT_PRODUCTS_DIR)/support.app/support";
			};
			name = Release;
		};
		06BECC011BE4D438002C5FB5 /* Debug */ = {
			isa = XCBuildConfiguration;
			buildSettings = {
				INFOPLIST_FILE = supportUITests/Info.plist;
				LD_RUNPATH_SEARCH_PATHS = "$(inherited) @executable_path/Frameworks @loader_path/Frameworks";
				PRODUCT_BUNDLE_IDENTIFIER = shisaku.supportUITests;
				PRODUCT_NAME = "$(TARGET_NAME)";
				TEST_TARGET_NAME = support;
				USES_XCTRUNNER = YES;
			};
			name = Debug;
		};
		06BECC021BE4D438002C5FB5 /* Release */ = {
			isa = XCBuildConfiguration;
			buildSettings = {
				INFOPLIST_FILE = supportUITests/Info.plist;
				LD_RUNPATH_SEARCH_PATHS = "$(inherited) @executable_path/Frameworks @loader_path/Frameworks";
				PRODUCT_BUNDLE_IDENTIFIER = shisaku.supportUITests;
				PRODUCT_NAME = "$(TARGET_NAME)";
				TEST_TARGET_NAME = support;
				USES_XCTRUNNER = YES;
			};
			name = Release;
		};
/* End XCBuildConfiguration section */

/* Begin XCConfigurationList section */
		06BECBCD1BE4D438002C5FB5 /* Build configuration list for PBXProject "support" */ = {
			isa = XCConfigurationList;
			buildConfigurations = (
				06BECBF81BE4D438002C5FB5 /* Debug */,
				06BECBF91BE4D438002C5FB5 /* Release */,
			);
			defaultConfigurationIsVisible = 0;
			defaultConfigurationName = Release;
		};
		06BECBFA1BE4D438002C5FB5 /* Build configuration list for PBXNativeTarget "support" */ = {
			isa = XCConfigurationList;
			buildConfigurations = (
				06BECBFB1BE4D438002C5FB5 /* Debug */,
				06BECBFC1BE4D438002C5FB5 /* Release */,
			);
			defaultConfigurationIsVisible = 0;
			defaultConfigurationName = Release;
		};
		06BECBFD1BE4D438002C5FB5 /* Build configuration list for PBXNativeTarget "supportTests" */ = {
			isa = XCConfigurationList;
			buildConfigurations = (
				06BECBFE1BE4D438002C5FB5 /* Debug */,
				06BECBFF1BE4D438002C5FB5 /* Release */,
			);
			defaultConfigurationIsVisible = 0;
			defaultConfigurationName = Release;
		};
		06BECC001BE4D438002C5FB5 /* Build configuration list for PBXNativeTarget "supportUITests" */ = {
			isa = XCConfigurationList;
			buildConfigurations = (
				06BECC011BE4D438002C5FB5 /* Debug */,
				06BECC021BE4D438002C5FB5 /* Release */,
			);
			defaultConfigurationIsVisible = 0;
			defaultConfigurationName = Release;
		};
/* End XCConfigurationList section */
	};
	rootObject = 06BECBCA1BE4D438002C5FB5 /* Project object */;
}
